// !$*UTF8*$!
{
	archiveVersion = 1;
	classes = {
	};
	objectVersion = 51;
	objects = {

/* Begin PBXBuildFile section */
		11F0EE054887B80B97044528 /* Pods_YYCFoodTrucks_Operator.framework in Frameworks */ = {isa = PBXBuildFile; fileRef = A054A5692A0C4C4AAD010BC5 /* Pods_YYCFoodTrucks_Operator.framework */; };
		188064A62558DCCD003374A8 /* TruckList.swift in Sources */ = {isa = PBXBuildFile; fileRef = 188064A52558DCCD003374A8 /* TruckList.swift */; };
		188064AB2558DD8A003374A8 /* SessionStore.swift in Sources */ = {isa = PBXBuildFile; fileRef = 188064AA2558DD8A003374A8 /* SessionStore.swift */; };
		188064AF2558DE34003374A8 /* User.swift in Sources */ = {isa = PBXBuildFile; fileRef = 188064AE2558DE34003374A8 /* User.swift */; };
		188064B32558E14D003374A8 /* SignInView.swift in Sources */ = {isa = PBXBuildFile; fileRef = 188064B22558E14D003374A8 /* SignInView.swift */; };
		188064B725592805003374A8 /* Schedules.swift in Sources */ = {isa = PBXBuildFile; fileRef = 188064B625592805003374A8 /* Schedules.swift */; };
		188064BA25592811003374A8 /* UserProfile.swift in Sources */ = {isa = PBXBuildFile; fileRef = 188064B925592811003374A8 /* UserProfile.swift */; };
		188064BD2559292B003374A8 /* NavBar.swift in Sources */ = {isa = PBXBuildFile; fileRef = 188064BC2559292B003374A8 /* NavBar.swift */; };
		188064C1255930B5003374A8 /* TruckProfile.swift in Sources */ = {isa = PBXBuildFile; fileRef = 188064BF255930B5003374A8 /* TruckProfile.swift */; };
		188064F4255933E8003374A8 /* FirebaseImage.swift in Sources */ = {isa = PBXBuildFile; fileRef = 188064F3255933E8003374A8 /* FirebaseImage.swift */; };
		18806510255935B2003374A8 /* global.swift in Sources */ = {isa = PBXBuildFile; fileRef = 1880650F255935B2003374A8 /* global.swift */; };
		1880651425593665003374A8 /* FirebaseImageLoader.swift in Sources */ = {isa = PBXBuildFile; fileRef = 1880651325593665003374A8 /* FirebaseImageLoader.swift */; };
		1880651B25593C7A003374A8 /* NewTruck.swift in Sources */ = {isa = PBXBuildFile; fileRef = 1880651A25593C7A003374A8 /* NewTruck.swift */; };
		1880651E2559C49F003374A8 /* ImagePicker.swift in Sources */ = {isa = PBXBuildFile; fileRef = 1880651D2559C49F003374A8 /* ImagePicker.swift */; };
		188065212559C5E2003374A8 /* ImagePickerView.swift in Sources */ = {isa = PBXBuildFile; fileRef = 188065202559C5E2003374A8 /* ImagePickerView.swift */; };
		188065242559E8F0003374A8 /* NewSchedule.swift in Sources */ = {isa = PBXBuildFile; fileRef = 188065232559E8F0003374A8 /* NewSchedule.swift */; };
		794BF92425531F6400B015C8 /* AppDelegate.swift in Sources */ = {isa = PBXBuildFile; fileRef = 794BF92325531F6400B015C8 /* AppDelegate.swift */; };
		794BF92625531F6400B015C8 /* SceneDelegate.swift in Sources */ = {isa = PBXBuildFile; fileRef = 794BF92525531F6400B015C8 /* SceneDelegate.swift */; };
		794BF92825531F6400B015C8 /* LoginView.swift in Sources */ = {isa = PBXBuildFile; fileRef = 794BF92725531F6400B015C8 /* LoginView.swift */; };
		794BF92A25531F6600B015C8 /* Assets.xcassets in Resources */ = {isa = PBXBuildFile; fileRef = 794BF92925531F6600B015C8 /* Assets.xcassets */; };
		794BF92D25531F6600B015C8 /* Preview Assets.xcassets in Resources */ = {isa = PBXBuildFile; fileRef = 794BF92C25531F6600B015C8 /* Preview Assets.xcassets */; };
		794BF93025531F6600B015C8 /* LaunchScreen.storyboard in Resources */ = {isa = PBXBuildFile; fileRef = 794BF92E25531F6600B015C8 /* LaunchScreen.storyboard */; };
		794BF93A2553209400B015C8 /* GoogleService-Info.plist in Resources */ = {isa = PBXBuildFile; fileRef = 794BF9392553209400B015C8 /* GoogleService-Info.plist */; };
		794BF9762553265800B015C8 /* LandMarkRepository.swift in Sources */ = {isa = PBXBuildFile; fileRef = 794BF9752553265800B015C8 /* LandMarkRepository.swift */; };
		794BF97A2553267000B015C8 /* LandMark.swift in Sources */ = {isa = PBXBuildFile; fileRef = 794BF9792553267000B015C8 /* LandMark.swift */; };
		794BF97D255326DA00B015C8 /* TruckRepository.swift in Sources */ = {isa = PBXBuildFile; fileRef = 794BF97C255326DA00B015C8 /* TruckRepository.swift */; };
		794BF980255326F200B015C8 /* Truck.swift in Sources */ = {isa = PBXBuildFile; fileRef = 794BF97F255326F200B015C8 /* Truck.swift */; };
		794BF9832553273000B015C8 /* ScheduleRepository.swift in Sources */ = {isa = PBXBuildFile; fileRef = 794BF9822553273000B015C8 /* ScheduleRepository.swift */; };
		794BF9862553275800B015C8 /* Schedule.swift in Sources */ = {isa = PBXBuildFile; fileRef = 794BF9852553275800B015C8 /* Schedule.swift */; };
		794BF9892553278200B015C8 /* FoodCategoryRepository.swift in Sources */ = {isa = PBXBuildFile; fileRef = 794BF9882553278200B015C8 /* FoodCategoryRepository.swift */; };
		794BF98C255327A600B015C8 /* FoodCategory.swift in Sources */ = {isa = PBXBuildFile; fileRef = 794BF98B255327A600B015C8 /* FoodCategory.swift */; };
		794BF98F2553284300B015C8 /* ImageLoader.swift in Sources */ = {isa = PBXBuildFile; fileRef = 794BF98E2553284300B015C8 /* ImageLoader.swift */; };
		794BF9922553299700B015C8 /* Operator.swift in Sources */ = {isa = PBXBuildFile; fileRef = 794BF9912553299700B015C8 /* Operator.swift */; };
		794BF99525532AB300B015C8 /* OperatorRepository.swift in Sources */ = {isa = PBXBuildFile; fileRef = 794BF99425532AB300B015C8 /* OperatorRepository.swift */; };
		84090919256AF06700773B85 /* PasswordReset.swift in Sources */ = {isa = PBXBuildFile; fileRef = 84090918256AF06700773B85 /* PasswordReset.swift */; };
/* End PBXBuildFile section */

/* Begin PBXFileReference section */
		188064A52558DCCD003374A8 /* TruckList.swift */ = {isa = PBXFileReference; lastKnownFileType = sourcecode.swift; path = TruckList.swift; sourceTree = "<group>"; };
		188064AA2558DD8A003374A8 /* SessionStore.swift */ = {isa = PBXFileReference; lastKnownFileType = sourcecode.swift; path = SessionStore.swift; sourceTree = "<group>"; };
		188064AE2558DE34003374A8 /* User.swift */ = {isa = PBXFileReference; lastKnownFileType = sourcecode.swift; path = User.swift; sourceTree = "<group>"; };
		188064B22558E14D003374A8 /* SignInView.swift */ = {isa = PBXFileReference; lastKnownFileType = sourcecode.swift; path = SignInView.swift; sourceTree = "<group>"; };
		188064B625592805003374A8 /* Schedules.swift */ = {isa = PBXFileReference; lastKnownFileType = sourcecode.swift; path = Schedules.swift; sourceTree = "<group>"; };
		188064B925592811003374A8 /* UserProfile.swift */ = {isa = PBXFileReference; lastKnownFileType = sourcecode.swift; path = UserProfile.swift; sourceTree = "<group>"; };
		188064BC2559292B003374A8 /* NavBar.swift */ = {isa = PBXFileReference; fileEncoding = 4; lastKnownFileType = sourcecode.swift; path = NavBar.swift; sourceTree = "<group>"; };
		188064BF255930B5003374A8 /* TruckProfile.swift */ = {isa = PBXFileReference; fileEncoding = 4; lastKnownFileType = sourcecode.swift; path = TruckProfile.swift; sourceTree = "<group>"; };
		188064F3255933E8003374A8 /* FirebaseImage.swift */ = {isa = PBXFileReference; lastKnownFileType = sourcecode.swift; path = FirebaseImage.swift; sourceTree = "<group>"; };
		1880650F255935B2003374A8 /* global.swift */ = {isa = PBXFileReference; lastKnownFileType = sourcecode.swift; path = global.swift; sourceTree = "<group>"; };
		1880651325593665003374A8 /* FirebaseImageLoader.swift */ = {isa = PBXFileReference; lastKnownFileType = sourcecode.swift; path = FirebaseImageLoader.swift; sourceTree = "<group>"; };
		1880651A25593C7A003374A8 /* NewTruck.swift */ = {isa = PBXFileReference; lastKnownFileType = sourcecode.swift; path = NewTruck.swift; sourceTree = "<group>"; };
		1880651D2559C49F003374A8 /* ImagePicker.swift */ = {isa = PBXFileReference; lastKnownFileType = sourcecode.swift; path = ImagePicker.swift; sourceTree = "<group>"; };
		188065202559C5E2003374A8 /* ImagePickerView.swift */ = {isa = PBXFileReference; lastKnownFileType = sourcecode.swift; path = ImagePickerView.swift; sourceTree = "<group>"; };
		188065232559E8F0003374A8 /* NewSchedule.swift */ = {isa = PBXFileReference; lastKnownFileType = sourcecode.swift; path = NewSchedule.swift; sourceTree = "<group>"; };
		794BF92025531F6400B015C8 /* YYCFoodTrucks-Operator.app */ = {isa = PBXFileReference; explicitFileType = wrapper.application; includeInIndex = 0; path = "YYCFoodTrucks-Operator.app"; sourceTree = BUILT_PRODUCTS_DIR; };
		794BF92325531F6400B015C8 /* AppDelegate.swift */ = {isa = PBXFileReference; lastKnownFileType = sourcecode.swift; path = AppDelegate.swift; sourceTree = "<group>"; };
		794BF92525531F6400B015C8 /* SceneDelegate.swift */ = {isa = PBXFileReference; lastKnownFileType = sourcecode.swift; path = SceneDelegate.swift; sourceTree = "<group>"; };
		794BF92725531F6400B015C8 /* LoginView.swift */ = {isa = PBXFileReference; lastKnownFileType = sourcecode.swift; path = LoginView.swift; sourceTree = "<group>"; };
		794BF92925531F6600B015C8 /* Assets.xcassets */ = {isa = PBXFileReference; lastKnownFileType = folder.assetcatalog; path = Assets.xcassets; sourceTree = "<group>"; };
		794BF92C25531F6600B015C8 /* Preview Assets.xcassets */ = {isa = PBXFileReference; lastKnownFileType = folder.assetcatalog; path = "Preview Assets.xcassets"; sourceTree = "<group>"; };
		794BF92F25531F6600B015C8 /* Base */ = {isa = PBXFileReference; lastKnownFileType = file.storyboard; name = Base; path = Base.lproj/LaunchScreen.storyboard; sourceTree = "<group>"; };
		794BF93125531F6600B015C8 /* Info.plist */ = {isa = PBXFileReference; lastKnownFileType = text.plist.xml; path = Info.plist; sourceTree = "<group>"; };
		794BF9392553209400B015C8 /* GoogleService-Info.plist */ = {isa = PBXFileReference; fileEncoding = 4; lastKnownFileType = text.plist.xml; path = "GoogleService-Info.plist"; sourceTree = "<group>"; };
		794BF9752553265800B015C8 /* LandMarkRepository.swift */ = {isa = PBXFileReference; lastKnownFileType = sourcecode.swift; path = LandMarkRepository.swift; sourceTree = "<group>"; };
		794BF9792553267000B015C8 /* LandMark.swift */ = {isa = PBXFileReference; lastKnownFileType = sourcecode.swift; path = LandMark.swift; sourceTree = "<group>"; };
		794BF97C255326DA00B015C8 /* TruckRepository.swift */ = {isa = PBXFileReference; lastKnownFileType = sourcecode.swift; path = TruckRepository.swift; sourceTree = "<group>"; };
		794BF97F255326F200B015C8 /* Truck.swift */ = {isa = PBXFileReference; lastKnownFileType = sourcecode.swift; path = Truck.swift; sourceTree = "<group>"; };
		794BF9822553273000B015C8 /* ScheduleRepository.swift */ = {isa = PBXFileReference; lastKnownFileType = sourcecode.swift; path = ScheduleRepository.swift; sourceTree = "<group>"; };
		794BF9852553275800B015C8 /* Schedule.swift */ = {isa = PBXFileReference; lastKnownFileType = sourcecode.swift; path = Schedule.swift; sourceTree = "<group>"; };
		794BF9882553278200B015C8 /* FoodCategoryRepository.swift */ = {isa = PBXFileReference; lastKnownFileType = sourcecode.swift; path = FoodCategoryRepository.swift; sourceTree = "<group>"; };
		794BF98B255327A600B015C8 /* FoodCategory.swift */ = {isa = PBXFileReference; lastKnownFileType = sourcecode.swift; path = FoodCategory.swift; sourceTree = "<group>"; };
		794BF98E2553284300B015C8 /* ImageLoader.swift */ = {isa = PBXFileReference; lastKnownFileType = sourcecode.swift; path = ImageLoader.swift; sourceTree = "<group>"; };
		794BF9912553299700B015C8 /* Operator.swift */ = {isa = PBXFileReference; lastKnownFileType = sourcecode.swift; path = Operator.swift; sourceTree = "<group>"; };
		794BF99425532AB300B015C8 /* OperatorRepository.swift */ = {isa = PBXFileReference; lastKnownFileType = sourcecode.swift; path = OperatorRepository.swift; sourceTree = "<group>"; };
		84090918256AF06700773B85 /* PasswordReset.swift */ = {isa = PBXFileReference; lastKnownFileType = sourcecode.swift; path = PasswordReset.swift; sourceTree = "<group>"; };
		91C3E82DD6162C48562C492B /* Pods-YYCFoodTrucks-Operator.debug.xcconfig */ = {isa = PBXFileReference; includeInIndex = 1; lastKnownFileType = text.xcconfig; name = "Pods-YYCFoodTrucks-Operator.debug.xcconfig"; path = "Target Support Files/Pods-YYCFoodTrucks-Operator/Pods-YYCFoodTrucks-Operator.debug.xcconfig"; sourceTree = "<group>"; };
		A054A5692A0C4C4AAD010BC5 /* Pods_YYCFoodTrucks_Operator.framework */ = {isa = PBXFileReference; explicitFileType = wrapper.framework; includeInIndex = 0; path = Pods_YYCFoodTrucks_Operator.framework; sourceTree = BUILT_PRODUCTS_DIR; };
		EBB64FFAB344469E8624FFE9 /* Pods-YYCFoodTrucks-Operator.release.xcconfig */ = {isa = PBXFileReference; includeInIndex = 1; lastKnownFileType = text.xcconfig; name = "Pods-YYCFoodTrucks-Operator.release.xcconfig"; path = "Target Support Files/Pods-YYCFoodTrucks-Operator/Pods-YYCFoodTrucks-Operator.release.xcconfig"; sourceTree = "<group>"; };
/* End PBXFileReference section */

/* Begin PBXFrameworksBuildPhase section */
		794BF91D25531F6400B015C8 /* Frameworks */ = {
			isa = PBXFrameworksBuildPhase;
			buildActionMask = 2147483647;
			files = (
				11F0EE054887B80B97044528 /* Pods_YYCFoodTrucks_Operator.framework in Frameworks */,
			);
			runOnlyForDeploymentPostprocessing = 0;
		};
/* End PBXFrameworksBuildPhase section */

/* Begin PBXGroup section */
		188064A92558DD67003374A8 /* Session */ = {
			isa = PBXGroup;
			children = (
				188064AA2558DD8A003374A8 /* SessionStore.swift */,
			);
			path = Session;
			sourceTree = "<group>";
		};
		188064B12558E12C003374A8 /* SupportingViews */ = {
			isa = PBXGroup;
			children = (
				188064BF255930B5003374A8 /* TruckProfile.swift */,
				188064BC2559292B003374A8 /* NavBar.swift */,
				188064B22558E14D003374A8 /* SignInView.swift */,
				188064F3255933E8003374A8 /* FirebaseImage.swift */,
				1880651A25593C7A003374A8 /* NewTruck.swift */,
				188065202559C5E2003374A8 /* ImagePickerView.swift */,
				188065232559E8F0003374A8 /* NewSchedule.swift */,
				84090918256AF06700773B85 /* PasswordReset.swift */,
			);
			path = SupportingViews;
			sourceTree = "<group>";
		};
		1880650E255935A1003374A8 /* GLOBALS */ = {
			isa = PBXGroup;
			children = (
				1880650F255935B2003374A8 /* global.swift */,
			);
			path = GLOBALS;
			sourceTree = "<group>";
		};
		794BF91725531F6400B015C8 = {
			isa = PBXGroup;
			children = (
				794BF92225531F6400B015C8 /* YYCFoodTrucks-Operator */,
				794BF92125531F6400B015C8 /* Products */,
				9D30EB326CB20E5BCB1B402D /* Pods */,
				C57916DC90217718AB65188C /* Frameworks */,
			);
			sourceTree = "<group>";
		};
		794BF92125531F6400B015C8 /* Products */ = {
			isa = PBXGroup;
			children = (
				794BF92025531F6400B015C8 /* YYCFoodTrucks-Operator.app */,
			);
			name = Products;
			sourceTree = "<group>";
		};
		794BF92225531F6400B015C8 /* YYCFoodTrucks-Operator */ = {
			isa = PBXGroup;
			children = (
				1880650E255935A1003374A8 /* GLOBALS */,
				188064B12558E12C003374A8 /* SupportingViews */,
				188064A92558DD67003374A8 /* Session */,
				794BF9742553262600B015C8 /* Repositories */,
				794BF9732553261E00B015C8 /* Models */,
				794BF9542553219E00B015C8 /* Delegates */,
				794BF9572553220400B015C8 /* Main Screens */,
				794BF955255321B000B015C8 /* Assets */,
				794BF92E25531F6600B015C8 /* LaunchScreen.storyboard */,
				794BF93125531F6600B015C8 /* Info.plist */,
				794BF9392553209400B015C8 /* GoogleService-Info.plist */,
				794BF92B25531F6600B015C8 /* Preview Content */,
			);
			path = "YYCFoodTrucks-Operator";
			sourceTree = "<group>";
		};
		794BF92B25531F6600B015C8 /* Preview Content */ = {
			isa = PBXGroup;
			children = (
				794BF92C25531F6600B015C8 /* Preview Assets.xcassets */,
			);
			path = "Preview Content";
			sourceTree = "<group>";
		};
		794BF9542553219E00B015C8 /* Delegates */ = {
			isa = PBXGroup;
			children = (
				794BF92325531F6400B015C8 /* AppDelegate.swift */,
				794BF92525531F6400B015C8 /* SceneDelegate.swift */,
			);
			path = Delegates;
			sourceTree = "<group>";
		};
		794BF955255321B000B015C8 /* Assets */ = {
			isa = PBXGroup;
			children = (
				794BF92925531F6600B015C8 /* Assets.xcassets */,
			);
			path = Assets;
			sourceTree = "<group>";
		};
		794BF9572553220400B015C8 /* Main Screens */ = {
			isa = PBXGroup;
			children = (
				794BF92725531F6400B015C8 /* LoginView.swift */,
				188064A52558DCCD003374A8 /* TruckList.swift */,
				188064B625592805003374A8 /* Schedules.swift */,
				188064B925592811003374A8 /* UserProfile.swift */,
			);
			path = "Main Screens";
			sourceTree = "<group>";
		};
		794BF9732553261E00B015C8 /* Models */ = {
			isa = PBXGroup;
			children = (
				794BF9792553267000B015C8 /* LandMark.swift */,
				794BF97F255326F200B015C8 /* Truck.swift */,
				794BF9852553275800B015C8 /* Schedule.swift */,
				794BF98B255327A600B015C8 /* FoodCategory.swift */,
				794BF98E2553284300B015C8 /* ImageLoader.swift */,
				794BF9912553299700B015C8 /* Operator.swift */,
				188064AE2558DE34003374A8 /* User.swift */,
				1880651325593665003374A8 /* FirebaseImageLoader.swift */,
				1880651D2559C49F003374A8 /* ImagePicker.swift */,
			);
			path = Models;
			sourceTree = "<group>";
		};
		794BF9742553262600B015C8 /* Repositories */ = {
			isa = PBXGroup;
			children = (
				794BF9752553265800B015C8 /* LandMarkRepository.swift */,
				794BF97C255326DA00B015C8 /* TruckRepository.swift */,
				794BF9822553273000B015C8 /* ScheduleRepository.swift */,
				794BF9882553278200B015C8 /* FoodCategoryRepository.swift */,
				794BF99425532AB300B015C8 /* OperatorRepository.swift */,
			);
			path = Repositories;
			sourceTree = "<group>";
		};
		9D30EB326CB20E5BCB1B402D /* Pods */ = {
			isa = PBXGroup;
			children = (
				91C3E82DD6162C48562C492B /* Pods-YYCFoodTrucks-Operator.debug.xcconfig */,
				EBB64FFAB344469E8624FFE9 /* Pods-YYCFoodTrucks-Operator.release.xcconfig */,
			);
			path = Pods;
			sourceTree = "<group>";
		};
		C57916DC90217718AB65188C /* Frameworks */ = {
			isa = PBXGroup;
			children = (
				A054A5692A0C4C4AAD010BC5 /* Pods_YYCFoodTrucks_Operator.framework */,
			);
			name = Frameworks;
			sourceTree = "<group>";
		};
/* End PBXGroup section */

/* Begin PBXNativeTarget section */
		794BF91F25531F6400B015C8 /* YYCFoodTrucks-Operator */ = {
			isa = PBXNativeTarget;
			buildConfigurationList = 794BF93425531F6600B015C8 /* Build configuration list for PBXNativeTarget "YYCFoodTrucks-Operator" */;
			buildPhases = (
				FBA44C4EBAD43B2234FA2223 /* [CP] Check Pods Manifest.lock */,
				794BF91C25531F6400B015C8 /* Sources */,
				794BF91D25531F6400B015C8 /* Frameworks */,
				794BF91E25531F6400B015C8 /* Resources */,
				57AB43928F537267E4B814D7 /* [CP] Embed Pods Frameworks */,
			);
			buildRules = (
			);
			dependencies = (
			);
			name = "YYCFoodTrucks-Operator";
			productName = "YYCFoodTrucks-Operator";
			productReference = 794BF92025531F6400B015C8 /* YYCFoodTrucks-Operator.app */;
			productType = "com.apple.product-type.application";
		};
/* End PBXNativeTarget section */

/* Begin PBXProject section */
		794BF91825531F6400B015C8 /* Project object */ = {
			isa = PBXProject;
			attributes = {
				LastSwiftUpdateCheck = 1200;
				LastUpgradeCheck = 1200;
				TargetAttributes = {
					794BF91F25531F6400B015C8 = {
						CreatedOnToolsVersion = 12.0;
					};
				};
			};
			buildConfigurationList = 794BF91B25531F6400B015C8 /* Build configuration list for PBXProject "YYCFoodTrucks-Operator" */;
			compatibilityVersion = "Xcode 9.3";
			developmentRegion = en;
			hasScannedForEncodings = 0;
			knownRegions = (
				en,
				Base,
			);
			mainGroup = 794BF91725531F6400B015C8;
			productRefGroup = 794BF92125531F6400B015C8 /* Products */;
			projectDirPath = "";
			projectRoot = "";
			targets = (
				794BF91F25531F6400B015C8 /* YYCFoodTrucks-Operator */,
			);
		};
/* End PBXProject section */

/* Begin PBXResourcesBuildPhase section */
		794BF91E25531F6400B015C8 /* Resources */ = {
			isa = PBXResourcesBuildPhase;
			buildActionMask = 2147483647;
			files = (
				794BF93025531F6600B015C8 /* LaunchScreen.storyboard in Resources */,
				794BF93A2553209400B015C8 /* GoogleService-Info.plist in Resources */,
				794BF92D25531F6600B015C8 /* Preview Assets.xcassets in Resources */,
				794BF92A25531F6600B015C8 /* Assets.xcassets in Resources */,
			);
			runOnlyForDeploymentPostprocessing = 0;
		};
/* End PBXResourcesBuildPhase section */

/* Begin PBXShellScriptBuildPhase section */
		57AB43928F537267E4B814D7 /* [CP] Embed Pods Frameworks */ = {
			isa = PBXShellScriptBuildPhase;
			buildActionMask = 2147483647;
			files = (
			);
			inputFileListPaths = (
				"${PODS_ROOT}/Target Support Files/Pods-YYCFoodTrucks-Operator/Pods-YYCFoodTrucks-Operator-frameworks-${CONFIGURATION}-input-files.xcfilelist",
			);
			name = "[CP] Embed Pods Frameworks";
			outputFileListPaths = (
				"${PODS_ROOT}/Target Support Files/Pods-YYCFoodTrucks-Operator/Pods-YYCFoodTrucks-Operator-frameworks-${CONFIGURATION}-output-files.xcfilelist",
			);
			runOnlyForDeploymentPostprocessing = 0;
			shellPath = /bin/sh;
			shellScript = "\"${PODS_ROOT}/Target Support Files/Pods-YYCFoodTrucks-Operator/Pods-YYCFoodTrucks-Operator-frameworks.sh\"\n";
			showEnvVarsInLog = 0;
		};
		FBA44C4EBAD43B2234FA2223 /* [CP] Check Pods Manifest.lock */ = {
			isa = PBXShellScriptBuildPhase;
			buildActionMask = 2147483647;
			files = (
			);
			inputFileListPaths = (
			);
			inputPaths = (
				"${PODS_PODFILE_DIR_PATH}/Podfile.lock",
				"${PODS_ROOT}/Manifest.lock",
			);
			name = "[CP] Check Pods Manifest.lock";
			outputFileListPaths = (
			);
			outputPaths = (
				"$(DERIVED_FILE_DIR)/Pods-YYCFoodTrucks-Operator-checkManifestLockResult.txt",
			);
			runOnlyForDeploymentPostprocessing = 0;
			shellPath = /bin/sh;
			shellScript = "diff \"${PODS_PODFILE_DIR_PATH}/Podfile.lock\" \"${PODS_ROOT}/Manifest.lock\" > /dev/null\nif [ $? != 0 ] ; then\n    # print error to STDERR\n    echo \"error: The sandbox is not in sync with the Podfile.lock. Run 'pod install' or update your CocoaPods installation.\" >&2\n    exit 1\nfi\n# This output is used by Xcode 'outputs' to avoid re-running this script phase.\necho \"SUCCESS\" > \"${SCRIPT_OUTPUT_FILE_0}\"\n";
			showEnvVarsInLog = 0;
		};
/* End PBXShellScriptBuildPhase section */

/* Begin PBXSourcesBuildPhase section */
		794BF91C25531F6400B015C8 /* Sources */ = {
			isa = PBXSourcesBuildPhase;
			buildActionMask = 2147483647;
			files = (
				188065242559E8F0003374A8 /* NewSchedule.swift in Sources */,
				18806510255935B2003374A8 /* global.swift in Sources */,
				188064B32558E14D003374A8 /* SignInView.swift in Sources */,
				188064F4255933E8003374A8 /* FirebaseImage.swift in Sources */,
				1880651E2559C49F003374A8 /* ImagePicker.swift in Sources */,
				188065212559C5E2003374A8 /* ImagePickerView.swift in Sources */,
				188064C1255930B5003374A8 /* TruckProfile.swift in Sources */,
				1880651B25593C7A003374A8 /* NewTruck.swift in Sources */,
				188064B725592805003374A8 /* Schedules.swift in Sources */,
				794BF9832553273000B015C8 /* ScheduleRepository.swift in Sources */,
				794BF92425531F6400B015C8 /* AppDelegate.swift in Sources */,
				794BF9922553299700B015C8 /* Operator.swift in Sources */,
				794BF98F2553284300B015C8 /* ImageLoader.swift in Sources */,
				794BF97D255326DA00B015C8 /* TruckRepository.swift in Sources */,
				794BF99525532AB300B015C8 /* OperatorRepository.swift in Sources */,
				794BF9862553275800B015C8 /* Schedule.swift in Sources */,
				188064AF2558DE34003374A8 /* User.swift in Sources */,
				188064A62558DCCD003374A8 /* TruckList.swift in Sources */,
				188064BD2559292B003374A8 /* NavBar.swift in Sources */,
				794BF97A2553267000B015C8 /* LandMark.swift in Sources */,
				188064BA25592811003374A8 /* UserProfile.swift in Sources */,
				794BF9762553265800B015C8 /* LandMarkRepository.swift in Sources */,
				794BF98C255327A600B015C8 /* FoodCategory.swift in Sources */,
				794BF92625531F6400B015C8 /* SceneDelegate.swift in Sources */,
				794BF9892553278200B015C8 /* FoodCategoryRepository.swift in Sources */,
				794BF92825531F6400B015C8 /* LoginView.swift in Sources */,
				84090919256AF06700773B85 /* PasswordReset.swift in Sources */,
				1880651425593665003374A8 /* FirebaseImageLoader.swift in Sources */,
				188064AB2558DD8A003374A8 /* SessionStore.swift in Sources */,
				794BF980255326F200B015C8 /* Truck.swift in Sources */,
			);
			runOnlyForDeploymentPostprocessing = 0;
		};
/* End PBXSourcesBuildPhase section */

/* Begin PBXVariantGroup section */
		794BF92E25531F6600B015C8 /* LaunchScreen.storyboard */ = {
			isa = PBXVariantGroup;
			children = (
				794BF92F25531F6600B015C8 /* Base */,
			);
			name = LaunchScreen.storyboard;
			sourceTree = "<group>";
		};
/* End PBXVariantGroup section */

/* Begin XCBuildConfiguration section */
		794BF93225531F6600B015C8 /* Debug */ = {
			isa = XCBuildConfiguration;
			buildSettings = {
				ALWAYS_SEARCH_USER_PATHS = NO;
				CLANG_ANALYZER_NONNULL = YES;
				CLANG_ANALYZER_NUMBER_OBJECT_CONVERSION = YES_AGGRESSIVE;
				CLANG_CXX_LANGUAGE_STANDARD = "gnu++14";
				CLANG_CXX_LIBRARY = "libc++";
				CLANG_ENABLE_MODULES = YES;
				CLANG_ENABLE_OBJC_ARC = YES;
				CLANG_ENABLE_OBJC_WEAK = YES;
				CLANG_WARN_BLOCK_CAPTURE_AUTORELEASING = YES;
				CLANG_WARN_BOOL_CONVERSION = YES;
				CLANG_WARN_COMMA = YES;
				CLANG_WARN_CONSTANT_CONVERSION = YES;
				CLANG_WARN_DEPRECATED_OBJC_IMPLEMENTATIONS = YES;
				CLANG_WARN_DIRECT_OBJC_ISA_USAGE = YES_ERROR;
				CLANG_WARN_DOCUMENTATION_COMMENTS = YES;
				CLANG_WARN_EMPTY_BODY = YES;
				CLANG_WARN_ENUM_CONVERSION = YES;
				CLANG_WARN_INFINITE_RECURSION = YES;
				CLANG_WARN_INT_CONVERSION = YES;
				CLANG_WARN_NON_LITERAL_NULL_CONVERSION = YES;
				CLANG_WARN_OBJC_IMPLICIT_RETAIN_SELF = YES;
				CLANG_WARN_OBJC_LITERAL_CONVERSION = YES;
				CLANG_WARN_OBJC_ROOT_CLASS = YES_ERROR;
				CLANG_WARN_QUOTED_INCLUDE_IN_FRAMEWORK_HEADER = YES;
				CLANG_WARN_RANGE_LOOP_ANALYSIS = YES;
				CLANG_WARN_STRICT_PROTOTYPES = YES;
				CLANG_WARN_SUSPICIOUS_MOVE = YES;
				CLANG_WARN_UNGUARDED_AVAILABILITY = YES_AGGRESSIVE;
				CLANG_WARN_UNREACHABLE_CODE = YES;
				CLANG_WARN__DUPLICATE_METHOD_MATCH = YES;
				COPY_PHASE_STRIP = NO;
				DEBUG_INFORMATION_FORMAT = dwarf;
				ENABLE_STRICT_OBJC_MSGSEND = YES;
				ENABLE_TESTABILITY = YES;
				GCC_C_LANGUAGE_STANDARD = gnu11;
				GCC_DYNAMIC_NO_PIC = NO;
				GCC_NO_COMMON_BLOCKS = YES;
				GCC_OPTIMIZATION_LEVEL = 0;
				GCC_PREPROCESSOR_DEFINITIONS = (
					"DEBUG=1",
					"$(inherited)",
				);
				GCC_WARN_64_TO_32_BIT_CONVERSION = YES;
				GCC_WARN_ABOUT_RETURN_TYPE = YES_ERROR;
				GCC_WARN_UNDECLARED_SELECTOR = YES;
				GCC_WARN_UNINITIALIZED_AUTOS = YES_AGGRESSIVE;
				GCC_WARN_UNUSED_FUNCTION = YES;
				GCC_WARN_UNUSED_VARIABLE = YES;
				IPHONEOS_DEPLOYMENT_TARGET = 14.0;
				MTL_ENABLE_DEBUG_INFO = INCLUDE_SOURCE;
				MTL_FAST_MATH = YES;
				ONLY_ACTIVE_ARCH = YES;
				SDKROOT = iphoneos;
				SWIFT_ACTIVE_COMPILATION_CONDITIONS = DEBUG;
				SWIFT_OPTIMIZATION_LEVEL = "-Onone";
			};
			name = Debug;
		};
		794BF93325531F6600B015C8 /* Release */ = {
			isa = XCBuildConfiguration;
			buildSettings = {
				ALWAYS_SEARCH_USER_PATHS = NO;
				CLANG_ANALYZER_NONNULL = YES;
				CLANG_ANALYZER_NUMBER_OBJECT_CONVERSION = YES_AGGRESSIVE;
				CLANG_CXX_LANGUAGE_STANDARD = "gnu++14";
				CLANG_CXX_LIBRARY = "libc++";
				CLANG_ENABLE_MODULES = YES;
				CLANG_ENABLE_OBJC_ARC = YES;
				CLANG_ENABLE_OBJC_WEAK = YES;
				CLANG_WARN_BLOCK_CAPTURE_AUTORELEASING = YES;
				CLANG_WARN_BOOL_CONVERSION = YES;
				CLANG_WARN_COMMA = YES;
				CLANG_WARN_CONSTANT_CONVERSION = YES;
				CLANG_WARN_DEPRECATED_OBJC_IMPLEMENTATIONS = YES;
				CLANG_WARN_DIRECT_OBJC_ISA_USAGE = YES_ERROR;
				CLANG_WARN_DOCUMENTATION_COMMENTS = YES;
				CLANG_WARN_EMPTY_BODY = YES;
				CLANG_WARN_ENUM_CONVERSION = YES;
				CLANG_WARN_INFINITE_RECURSION = YES;
				CLANG_WARN_INT_CONVERSION = YES;
				CLANG_WARN_NON_LITERAL_NULL_CONVERSION = YES;
				CLANG_WARN_OBJC_IMPLICIT_RETAIN_SELF = YES;
				CLANG_WARN_OBJC_LITERAL_CONVERSION = YES;
				CLANG_WARN_OBJC_ROOT_CLASS = YES_ERROR;
				CLANG_WARN_QUOTED_INCLUDE_IN_FRAMEWORK_HEADER = YES;
				CLANG_WARN_RANGE_LOOP_ANALYSIS = YES;
				CLANG_WARN_STRICT_PROTOTYPES = YES;
				CLANG_WARN_SUSPICIOUS_MOVE = YES;
				CLANG_WARN_UNGUARDED_AVAILABILITY = YES_AGGRESSIVE;
				CLANG_WARN_UNREACHABLE_CODE = YES;
				CLANG_WARN__DUPLICATE_METHOD_MATCH = YES;
				COPY_PHASE_STRIP = NO;
				DEBUG_INFORMATION_FORMAT = "dwarf-with-dsym";
				ENABLE_NS_ASSERTIONS = NO;
				ENABLE_STRICT_OBJC_MSGSEND = YES;
				GCC_C_LANGUAGE_STANDARD = gnu11;
				GCC_NO_COMMON_BLOCKS = YES;
				GCC_WARN_64_TO_32_BIT_CONVERSION = YES;
				GCC_WARN_ABOUT_RETURN_TYPE = YES_ERROR;
				GCC_WARN_UNDECLARED_SELECTOR = YES;
				GCC_WARN_UNINITIALIZED_AUTOS = YES_AGGRESSIVE;
				GCC_WARN_UNUSED_FUNCTION = YES;
				GCC_WARN_UNUSED_VARIABLE = YES;
				IPHONEOS_DEPLOYMENT_TARGET = 14.0;
				MTL_ENABLE_DEBUG_INFO = NO;
				MTL_FAST_MATH = YES;
				SDKROOT = iphoneos;
				SWIFT_COMPILATION_MODE = wholemodule;
				SWIFT_OPTIMIZATION_LEVEL = "-O";
				VALIDATE_PRODUCT = YES;
			};
			name = Release;
		};
		794BF93525531F6600B015C8 /* Debug */ = {
			isa = XCBuildConfiguration;
			baseConfigurationReference = 91C3E82DD6162C48562C492B /* Pods-YYCFoodTrucks-Operator.debug.xcconfig */;
			buildSettings = {
				ASSETCATALOG_COMPILER_APPICON_NAME = AppIcon;
				ASSETCATALOG_COMPILER_GLOBAL_ACCENT_COLOR_NAME = AccentColor;
				CODE_SIGN_STYLE = Automatic;
				DEVELOPMENT_ASSET_PATHS = "\"YYCFoodTrucks-Operator/Preview Content\"";
				ENABLE_PREVIEWS = YES;
				INFOPLIST_FILE = "YYCFoodTrucks-Operator/Info.plist";
				LD_RUNPATH_SEARCH_PATHS = (
					"$(inherited)",
					"@executable_path/Frameworks",
				);
				PRODUCT_BUNDLE_IDENTIFIER = "teddy-kalp.YYCFoodTrucks-Operator";
				PRODUCT_NAME = "$(TARGET_NAME)";
				SWIFT_VERSION = 5.0;
				TARGETED_DEVICE_FAMILY = "1,2";
			};
			name = Debug;
		};
		794BF93625531F6600B015C8 /* Release */ = {
			isa = XCBuildConfiguration;
			baseConfigurationReference = EBB64FFAB344469E8624FFE9 /* Pods-YYCFoodTrucks-Operator.release.xcconfig */;
			buildSettings = {
				ASSETCATALOG_COMPILER_APPICON_NAME = AppIcon;
				ASSETCATALOG_COMPILER_GLOBAL_ACCENT_COLOR_NAME = AccentColor;
				CODE_SIGN_STYLE = Automatic;
				DEVELOPMENT_ASSET_PATHS = "\"YYCFoodTrucks-Operator/Preview Content\"";
				ENABLE_PREVIEWS = YES;
				INFOPLIST_FILE = "YYCFoodTrucks-Operator/Info.plist";
				LD_RUNPATH_SEARCH_PATHS = (
					"$(inherited)",
					"@executable_path/Frameworks",
				);
				PRODUCT_BUNDLE_IDENTIFIER = "teddy-kalp.YYCFoodTrucks-Operator";
				PRODUCT_NAME = "$(TARGET_NAME)";
				SWIFT_VERSION = 5.0;
				TARGETED_DEVICE_FAMILY = "1,2";
			};
			name = Release;
		};
/* End XCBuildConfiguration section */

/* Begin XCConfigurationList section */
		794BF91B25531F6400B015C8 /* Build configuration list for PBXProject "YYCFoodTrucks-Operator" */ = {
			isa = XCConfigurationList;
			buildConfigurations = (
				794BF93225531F6600B015C8 /* Debug */,
				794BF93325531F6600B015C8 /* Release */,
			);
			defaultConfigurationIsVisible = 0;
			defaultConfigurationName = Release;
		};
		794BF93425531F6600B015C8 /* Build configuration list for PBXNativeTarget "YYCFoodTrucks-Operator" */ = {
			isa = XCConfigurationList;
			buildConfigurations = (
				794BF93525531F6600B015C8 /* Debug */,
				794BF93625531F6600B015C8 /* Release */,
			);
			defaultConfigurationIsVisible = 0;
			defaultConfigurationName = Release;
		};
/* End XCConfigurationList section */
	};
	rootObject = 794BF91825531F6400B015C8 /* Project object */;
}
